dependencies:
- name: metrics-server
  repository: https://kubernetes-sigs.github.io/metrics-server/
  version: 3.12.2
- name: vector
  repository: https://helm.vector.dev
  version: 0.39.0
digest: sha256:9421823620351d6b48b3a4f185b134592a58b12c1d9412c784c0f6ea52724b02
generated: "2025-01-13T17:51:50.02772+01:00"
