dependencies:
- name: metrics-server
  repository: https://kubernetes-sigs.github.io/metrics-server/
  version: 3.12.1
- name: vector
  repository: https://helm.vector.dev
  version: 0.35.0
digest: sha256:3dedd389e47d930d7b77415a4f15757414560e0c03be7a311ccfee24eaafa7e6
generated: "2024-08-20T17:05:47.403331+02:00"
